
Microsoft Visual Studio Solution File, Format Version 12.00
# Visual Studio Version 16
VisualStudioVersion = 16.0.30907.101
MinimumVisualStudioVersion = 10.0.40219.1
Project("{9A19103F-16F7-4668-BE54-9A1E7A4F7556}") = "Metotlar", "Metotlar\Metotlar.csproj", "{5988F960-E984-4F53-BAE5-1E14078DDF99}"
EndProject
Project("{9A19103F-16F7-4668-BE54-9A1E7A4F7556}") = "Matematik", "Matematik\Matematik.csproj", "{62C95786-0A4A-4B01-A75D-10FE53A782E6}"
EndProject
Project("{9A19103F-16F7-4668-BE54-9A1E7A4F7556}") = "DegerveReferansTipler", "DegerveReferansTipler\DegerveReferansTipler.csproj", "{7899FABE-2B9F-4E72-995A-FD761EAB6A75}"
EndProject
Project("{FAE04EC0-301F-11D3-BF4B-00C04F79EFBC}") = "OOP1", "OOP1\OOP1.csproj", "{1255F09C-BFA0-4945-A3AB-0F8B861FBB25}"
EndProject
Project("{FAE04EC0-301F-11D3-BF4B-00C04F79EFBC}") = "Koleksiyonlar", "Koleksiyonlar\Koleksiyonlar.csproj", "{7E8C6C7B-AB7B-48AA-8492-059F61EB8479}"
EndProject
Project("{FAE04EC0-301F-11D3-BF4B-00C04F79EFBC}") = "GenericsIntro", "GenericsIntro\GenericsIntro.csproj", "{94D8A091-3163-4C4A-B9A1-779509551A76}"
EndProject
Global
	GlobalSection(SolutionConfigurationPlatforms) = preSolution
		Debug|Any CPU = Debug|Any CPU
		Release|Any CPU = Release|Any CPU
	EndGlobalSection
	GlobalSection(ProjectConfigurationPlatforms) = postSolution
		{5988F960-E984-4F53-BAE5-1E14078DDF99}.Debug|Any CPU.ActiveCfg = Debug|Any CPU
		{5988F960-E984-4F53-BAE5-1E14078DDF99}.Debug|Any CPU.Build.0 = Debug|Any CPU
		{5988F960-E984-4F53-BAE5-1E14078DDF99}.Release|Any CPU.ActiveCfg = Release|Any CPU
		{5988F960-E984-4F53-BAE5-1E14078DDF99}.Release|Any CPU.Build.0 = Release|Any CPU
		{62C95786-0A4A-4B01-A75D-10FE53A782E6}.Debug|Any CPU.ActiveCfg = Debug|Any CPU
		{62C95786-0A4A-4B01-A75D-10FE53A782E6}.Debug|Any CPU.Build.0 = Debug|Any CPU
		{62C95786-0A4A-4B01-A75D-10FE53A782E6}.Release|Any CPU.ActiveCfg = Release|Any CPU
		{62C95786-0A4A-4B01-A75D-10FE53A782E6}.Release|Any CPU.Build.0 = Release|Any CPU
		{7899FABE-2B9F-4E72-995A-FD761EAB6A75}.Debug|Any CPU.ActiveCfg = Debug|Any CPU
		{7899FABE-2B9F-4E72-995A-FD761EAB6A75}.Debug|Any CPU.Build.0 = Debug|Any CPU
		{7899FABE-2B9F-4E72-995A-FD761EAB6A75}.Release|Any CPU.ActiveCfg = Release|Any CPU
		{7899FABE-2B9F-4E72-995A-FD761EAB6A75}.Release|Any CPU.Build.0 = Release|Any CPU
		{1255F09C-BFA0-4945-A3AB-0F8B861FBB25}.Debug|Any CPU.ActiveCfg = Debug|Any CPU
		{1255F09C-BFA0-4945-A3AB-0F8B861FBB25}.Debug|Any CPU.Build.0 = Debug|Any CPU
		{1255F09C-BFA0-4945-A3AB-0F8B861FBB25}.Release|Any CPU.ActiveCfg = Release|Any CPU
		{1255F09C-BFA0-4945-A3AB-0F8B861FBB25}.Release|Any CPU.Build.0 = Release|Any CPU
		{7E8C6C7B-AB7B-48AA-8492-059F61EB8479}.Debug|Any CPU.ActiveCfg = Debug|Any CPU
		{7E8C6C7B-AB7B-48AA-8492-059F61EB8479}.Debug|Any CPU.Build.0 = Debug|Any CPU
		{7E8C6C7B-AB7B-48AA-8492-059F61EB8479}.Release|Any CPU.ActiveCfg = Release|Any CPU
		{7E8C6C7B-AB7B-48AA-8492-059F61EB8479}.Release|Any CPU.Build.0 = Release|Any CPU
		{94D8A091-3163-4C4A-B9A1-779509551A76}.Debug|Any CPU.ActiveCfg = Debug|Any CPU
		{94D8A091-3163-4C4A-B9A1-779509551A76}.Debug|Any CPU.Build.0 = Debug|Any CPU
		{94D8A091-3163-4C4A-B9A1-779509551A76}.Release|Any CPU.ActiveCfg = Release|Any CPU
		{94D8A091-3163-4C4A-B9A1-779509551A76}.Release|Any CPU.Build.0 = Release|Any CPU
	EndGlobalSection
	GlobalSection(SolutionProperties) = preSolution
		HideSolutionNode = FALSE
	EndGlobalSection
	GlobalSection(ExtensibilityGlobals) = postSolution
		SolutionGuid = {C909C729-E41A-4CF9-836D-1CC37DFAEDA0}
	EndGlobalSection
EndGlobal
